
Microsoft Visual Studio Solution File, Format Version 12.00
# Visual Studio 15
VisualStudioVersion = 15.0.27004.2002
MinimumVisualStudioVersion = 10.0.40219.1
Project("{FAE04EC0-301F-11D3-BF4B-00C04F79EFBC}") = "PokemonRecognition.Android", "PokemonRecognition\PokemonRecognition.Android\PokemonRecognition.Android.csproj", "{688A4247-CB94-4FED-8EA2-441D6BED2339}"
EndProject
Project("{FAE04EC0-301F-11D3-BF4B-00C04F79EFBC}") = "PokemonRecognition", "PokemonRecognition\PokemonRecognition\PokemonRecognition.csproj", "{02C87802-A312-4220-9F01-79A306479B06}"
EndProject
Project("{FAE04EC0-301F-11D3-BF4B-00C04F79EFBC}") = "PokemonRecognition.iOS", "PokemonRecognition\PokemonRecognition.iOS\PokemonRecognition.iOS.csproj", "{B4F3A6B7-84A5-474C-AEEA-93045DBBCC97}"
EndProject
Project("{2150E333-8FDC-42A3-9474-1A3956D46DE8}") = "0 - app", "0 - app", "{260E9604-37B6-457C-BD93-D5A034DDEB60}"
EndProject
Project("{2150E333-8FDC-42A3-9474-1A3956D46DE8}") = "1 - mobile", "1 - mobile", "{C5C8D100-FD94-46D9-BA14-8CAB00EEB224}"
EndProject
Project("{FAE04EC0-301F-11D3-BF4B-00C04F79EFBC}") = "PokemonRecognition.Models", "PokemonRecognition.Models\PokemonRecognition.Models.csproj", "{60011E8B-5C94-47B7-9AA5-1EC3ECE832E7}"
EndProject
Project("{FAE04EC0-301F-11D3-BF4B-00C04F79EFBC}") = "PokemonRecognition.Views", "PokemonRecognition.Views\PokemonRecognition.Views.csproj", "{B880ABBF-CA75-4123-9F2C-B73BFD5A8A95}"
EndProject
Project("{FAE04EC0-301F-11D3-BF4B-00C04F79EFBC}") = "PokemonRecognition.ViewModels", "PokemonRecognition.ViewModels\PokemonRecognition.ViewModels.csproj", "{9B1CA8B9-BFE1-4FDE-84AA-1866BF7DC8DD}"
EndProject
Project("{FAE04EC0-301F-11D3-BF4B-00C04F79EFBC}") = "PokemonRecognition.Services", "PokemonRecognition.Services\PokemonRecognition.Services.csproj", "{7BBCCA38-073D-4F95-82EA-B82CF4B636E8}"
EndProject
Global
	GlobalSection(SolutionConfigurationPlatforms) = preSolution
		Ad-Hoc|Any CPU = Ad-Hoc|Any CPU
		Ad-Hoc|iPhone = Ad-Hoc|iPhone
		Ad-Hoc|iPhoneSimulator = Ad-Hoc|iPhoneSimulator
		AppStore|Any CPU = AppStore|Any CPU
		AppStore|iPhone = AppStore|iPhone
		AppStore|iPhoneSimulator = AppStore|iPhoneSimulator
		Debug|Any CPU = Debug|Any CPU
		Debug|iPhone = Debug|iPhone
		Debug|iPhoneSimulator = Debug|iPhoneSimulator
		Release|Any CPU = Release|Any CPU
		Release|iPhone = Release|iPhone
		Release|iPhoneSimulator = Release|iPhoneSimulator
	EndGlobalSection
	GlobalSection(ProjectConfigurationPlatforms) = postSolution
		{688A4247-CB94-4FED-8EA2-441D6BED2339}.Ad-Hoc|Any CPU.ActiveCfg = Release|Any CPU
		{688A4247-CB94-4FED-8EA2-441D6BED2339}.Ad-Hoc|Any CPU.Build.0 = Release|Any CPU
		{688A4247-CB94-4FED-8EA2-441D6BED2339}.Ad-Hoc|Any CPU.Deploy.0 = Release|Any CPU
		{688A4247-CB94-4FED-8EA2-441D6BED2339}.Ad-Hoc|iPhone.ActiveCfg = Release|Any CPU
		{688A4247-CB94-4FED-8EA2-441D6BED2339}.Ad-Hoc|iPhone.Build.0 = Release|Any CPU
		{688A4247-CB94-4FED-8EA2-441D6BED2339}.Ad-Hoc|iPhone.Deploy.0 = Release|Any CPU
		{688A4247-CB94-4FED-8EA2-441D6BED2339}.Ad-Hoc|iPhoneSimulator.ActiveCfg = Release|Any CPU
		{688A4247-CB94-4FED-8EA2-441D6BED2339}.Ad-Hoc|iPhoneSimulator.Build.0 = Release|Any CPU
		{688A4247-CB94-4FED-8EA2-441D6BED2339}.Ad-Hoc|iPhoneSimulator.Deploy.0 = Release|Any CPU
		{688A4247-CB94-4FED-8EA2-441D6BED2339}.AppStore|Any CPU.ActiveCfg = Release|Any CPU
		{688A4247-CB94-4FED-8EA2-441D6BED2339}.AppStore|Any CPU.Build.0 = Release|Any CPU
		{688A4247-CB94-4FED-8EA2-441D6BED2339}.AppStore|Any CPU.Deploy.0 = Release|Any CPU
		{688A4247-CB94-4FED-8EA2-441D6BED2339}.AppStore|iPhone.ActiveCfg = Release|Any CPU
		{688A4247-CB94-4FED-8EA2-441D6BED2339}.AppStore|iPhone.Build.0 = Release|Any CPU
		{688A4247-CB94-4FED-8EA2-441D6BED2339}.AppStore|iPhone.Deploy.0 = Release|Any CPU
		{688A4247-CB94-4FED-8EA2-441D6BED2339}.AppStore|iPhoneSimulator.ActiveCfg = Release|Any CPU
		{688A4247-CB94-4FED-8EA2-441D6BED2339}.AppStore|iPhoneSimulator.Build.0 = Release|Any CPU
		{688A4247-CB94-4FED-8EA2-441D6BED2339}.AppStore|iPhoneSimulator.Deploy.0 = Release|Any CPU
		{688A4247-CB94-4FED-8EA2-441D6BED2339}.Debug|Any CPU.ActiveCfg = Debug|Any CPU
		{688A4247-CB94-4FED-8EA2-441D6BED2339}.Debug|Any CPU.Build.0 = Debug|Any CPU
		{688A4247-CB94-4FED-8EA2-441D6BED2339}.Debug|Any CPU.Deploy.0 = Debug|Any CPU
		{688A4247-CB94-4FED-8EA2-441D6BED2339}.Debug|iPhone.ActiveCfg = Debug|Any CPU
		{688A4247-CB94-4FED-8EA2-441D6BED2339}.Debug|iPhone.Build.0 = Debug|Any CPU
		{688A4247-CB94-4FED-8EA2-441D6BED2339}.Debug|iPhone.Deploy.0 = Debug|Any CPU
		{688A4247-CB94-4FED-8EA2-441D6BED2339}.Debug|iPhoneSimulator.ActiveCfg = Debug|Any CPU
		{688A4247-CB94-4FED-8EA2-441D6BED2339}.Debug|iPhoneSimulator.Build.0 = Debug|Any CPU
		{688A4247-CB94-4FED-8EA2-441D6BED2339}.Debug|iPhoneSimulator.Deploy.0 = Debug|Any CPU
		{688A4247-CB94-4FED-8EA2-441D6BED2339}.Release|Any CPU.ActiveCfg = Release|Any CPU
		{688A4247-CB94-4FED-8EA2-441D6BED2339}.Release|Any CPU.Build.0 = Release|Any CPU
		{688A4247-CB94-4FED-8EA2-441D6BED2339}.Release|Any CPU.Deploy.0 = Release|Any CPU
		{688A4247-CB94-4FED-8EA2-441D6BED2339}.Release|iPhone.ActiveCfg = Release|Any CPU
		{688A4247-CB94-4FED-8EA2-441D6BED2339}.Release|iPhone.Build.0 = Release|Any CPU
		{688A4247-CB94-4FED-8EA2-441D6BED2339}.Release|iPhone.Deploy.0 = Release|Any CPU
		{688A4247-CB94-4FED-8EA2-441D6BED2339}.Release|iPhoneSimulator.ActiveCfg = Release|Any CPU
		{688A4247-CB94-4FED-8EA2-441D6BED2339}.Release|iPhoneSimulator.Build.0 = Release|Any CPU
		{688A4247-CB94-4FED-8EA2-441D6BED2339}.Release|iPhoneSimulator.Deploy.0 = Release|Any CPU
		{02C87802-A312-4220-9F01-79A306479B06}.Ad-Hoc|Any CPU.ActiveCfg = Release|Any CPU
		{02C87802-A312-4220-9F01-79A306479B06}.Ad-Hoc|Any CPU.Build.0 = Release|Any CPU
		{02C87802-A312-4220-9F01-79A306479B06}.Ad-Hoc|iPhone.ActiveCfg = Release|Any CPU
		{02C87802-A312-4220-9F01-79A306479B06}.Ad-Hoc|iPhone.Build.0 = Release|Any CPU
		{02C87802-A312-4220-9F01-79A306479B06}.Ad-Hoc|iPhoneSimulator.ActiveCfg = Release|Any CPU
		{02C87802-A312-4220-9F01-79A306479B06}.Ad-Hoc|iPhoneSimulator.Build.0 = Release|Any CPU
		{02C87802-A312-4220-9F01-79A306479B06}.AppStore|Any CPU.ActiveCfg = Release|Any CPU
		{02C87802-A312-4220-9F01-79A306479B06}.AppStore|Any CPU.Build.0 = Release|Any CPU
		{02C87802-A312-4220-9F01-79A306479B06}.AppStore|iPhone.ActiveCfg = Release|Any CPU
		{02C87802-A312-4220-9F01-79A306479B06}.AppStore|iPhone.Build.0 = Release|Any CPU
		{02C87802-A312-4220-9F01-79A306479B06}.AppStore|iPhoneSimulator.ActiveCfg = Release|Any CPU
		{02C87802-A312-4220-9F01-79A306479B06}.AppStore|iPhoneSimulator.Build.0 = Release|Any CPU
		{02C87802-A312-4220-9F01-79A306479B06}.Debug|Any CPU.ActiveCfg = Debug|Any CPU
		{02C87802-A312-4220-9F01-79A306479B06}.Debug|Any CPU.Build.0 = Debug|Any CPU
		{02C87802-A312-4220-9F01-79A306479B06}.Debug|iPhone.ActiveCfg = Debug|Any CPU
		{02C87802-A312-4220-9F01-79A306479B06}.Debug|iPhone.Build.0 = Debug|Any CPU
		{02C87802-A312-4220-9F01-79A306479B06}.Debug|iPhoneSimulator.ActiveCfg = Debug|Any CPU
		{02C87802-A312-4220-9F01-79A306479B06}.Debug|iPhoneSimulator.Build.0 = Debug|Any CPU
		{02C87802-A312-4220-9F01-79A306479B06}.Release|Any CPU.ActiveCfg = Release|Any CPU
		{02C87802-A312-4220-9F01-79A306479B06}.Release|Any CPU.Build.0 = Release|Any CPU
		{02C87802-A312-4220-9F01-79A306479B06}.Release|iPhone.ActiveCfg = Release|Any CPU
		{02C87802-A312-4220-9F01-79A306479B06}.Release|iPhone.Build.0 = Release|Any CPU
		{02C87802-A312-4220-9F01-79A306479B06}.Release|iPhoneSimulator.ActiveCfg = Release|Any CPU
		{02C87802-A312-4220-9F01-79A306479B06}.Release|iPhoneSimulator.Build.0 = Release|Any CPU
		{B4F3A6B7-84A5-474C-AEEA-93045DBBCC97}.Ad-Hoc|Any CPU.ActiveCfg = Ad-Hoc|iPhoneSimulator
		{B4F3A6B7-84A5-474C-AEEA-93045DBBCC97}.Ad-Hoc|iPhone.ActiveCfg = Ad-Hoc|iPhone
		{B4F3A6B7-84A5-474C-AEEA-93045DBBCC97}.Ad-Hoc|iPhone.Build.0 = Ad-Hoc|iPhone
		{B4F3A6B7-84A5-474C-AEEA-93045DBBCC97}.Ad-Hoc|iPhoneSimulator.ActiveCfg = Ad-Hoc|iPhoneSimulator
		{B4F3A6B7-84A5-474C-AEEA-93045DBBCC97}.Ad-Hoc|iPhoneSimulator.Build.0 = Ad-Hoc|iPhoneSimulator
		{B4F3A6B7-84A5-474C-AEEA-93045DBBCC97}.AppStore|Any CPU.ActiveCfg = AppStore|iPhoneSimulator
		{B4F3A6B7-84A5-474C-AEEA-93045DBBCC97}.AppStore|iPhone.ActiveCfg = AppStore|iPhone
		{B4F3A6B7-84A5-474C-AEEA-93045DBBCC97}.AppStore|iPhone.Build.0 = AppStore|iPhone
		{B4F3A6B7-84A5-474C-AEEA-93045DBBCC97}.AppStore|iPhoneSimulator.ActiveCfg = AppStore|iPhoneSimulator
		{B4F3A6B7-84A5-474C-AEEA-93045DBBCC97}.AppStore|iPhoneSimulator.Build.0 = AppStore|iPhoneSimulator
		{B4F3A6B7-84A5-474C-AEEA-93045DBBCC97}.Debug|Any CPU.ActiveCfg = Debug|iPhoneSimulator
		{B4F3A6B7-84A5-474C-AEEA-93045DBBCC97}.Debug|iPhone.ActiveCfg = Debug|iPhone
		{B4F3A6B7-84A5-474C-AEEA-93045DBBCC97}.Debug|iPhone.Build.0 = Debug|iPhone
		{B4F3A6B7-84A5-474C-AEEA-93045DBBCC97}.Debug|iPhoneSimulator.ActiveCfg = Debug|iPhoneSimulator
		{B4F3A6B7-84A5-474C-AEEA-93045DBBCC97}.Debug|iPhoneSimulator.Build.0 = Debug|iPhoneSimulator
		{B4F3A6B7-84A5-474C-AEEA-93045DBBCC97}.Release|Any CPU.ActiveCfg = Release|iPhoneSimulator
		{B4F3A6B7-84A5-474C-AEEA-93045DBBCC97}.Release|iPhone.ActiveCfg = Release|iPhone
		{B4F3A6B7-84A5-474C-AEEA-93045DBBCC97}.Release|iPhone.Build.0 = Release|iPhone
		{B4F3A6B7-84A5-474C-AEEA-93045DBBCC97}.Release|iPhoneSimulator.ActiveCfg = Release|iPhoneSimulator
		{B4F3A6B7-84A5-474C-AEEA-93045DBBCC97}.Release|iPhoneSimulator.Build.0 = Release|iPhoneSimulator
		{60011E8B-5C94-47B7-9AA5-1EC3ECE832E7}.Ad-Hoc|Any CPU.ActiveCfg = Release|Any CPU
		{60011E8B-5C94-47B7-9AA5-1EC3ECE832E7}.Ad-Hoc|Any CPU.Build.0 = Release|Any CPU
		{60011E8B-5C94-47B7-9AA5-1EC3ECE832E7}.Ad-Hoc|iPhone.ActiveCfg = Release|Any CPU
		{60011E8B-5C94-47B7-9AA5-1EC3ECE832E7}.Ad-Hoc|iPhone.Build.0 = Release|Any CPU
		{60011E8B-5C94-47B7-9AA5-1EC3ECE832E7}.Ad-Hoc|iPhoneSimulator.ActiveCfg = Release|Any CPU
		{60011E8B-5C94-47B7-9AA5-1EC3ECE832E7}.Ad-Hoc|iPhoneSimulator.Build.0 = Release|Any CPU
		{60011E8B-5C94-47B7-9AA5-1EC3ECE832E7}.AppStore|Any CPU.ActiveCfg = Release|Any CPU
		{60011E8B-5C94-47B7-9AA5-1EC3ECE832E7}.AppStore|Any CPU.Build.0 = Release|Any CPU
		{60011E8B-5C94-47B7-9AA5-1EC3ECE832E7}.AppStore|iPhone.ActiveCfg = Release|Any CPU
		{60011E8B-5C94-47B7-9AA5-1EC3ECE832E7}.AppStore|iPhone.Build.0 = Release|Any CPU
		{60011E8B-5C94-47B7-9AA5-1EC3ECE832E7}.AppStore|iPhoneSimulator.ActiveCfg = Release|Any CPU
		{60011E8B-5C94-47B7-9AA5-1EC3ECE832E7}.AppStore|iPhoneSimulator.Build.0 = Release|Any CPU
		{60011E8B-5C94-47B7-9AA5-1EC3ECE832E7}.Debug|Any CPU.ActiveCfg = Debug|Any CPU
		{60011E8B-5C94-47B7-9AA5-1EC3ECE832E7}.Debug|Any CPU.Build.0 = Debug|Any CPU
		{60011E8B-5C94-47B7-9AA5-1EC3ECE832E7}.Debug|iPhone.ActiveCfg = Debug|Any CPU
		{60011E8B-5C94-47B7-9AA5-1EC3ECE832E7}.Debug|iPhone.Build.0 = Debug|Any CPU
		{60011E8B-5C94-47B7-9AA5-1EC3ECE832E7}.Debug|iPhoneSimulator.ActiveCfg = Debug|Any CPU
		{60011E8B-5C94-47B7-9AA5-1EC3ECE832E7}.Debug|iPhoneSimulator.Build.0 = Debug|Any CPU
		{60011E8B-5C94-47B7-9AA5-1EC3ECE832E7}.Release|Any CPU.ActiveCfg = Release|Any CPU
		{60011E8B-5C94-47B7-9AA5-1EC3ECE832E7}.Release|Any CPU.Build.0 = Release|Any CPU
		{60011E8B-5C94-47B7-9AA5-1EC3ECE832E7}.Release|iPhone.ActiveCfg = Release|Any CPU
		{60011E8B-5C94-47B7-9AA5-1EC3ECE832E7}.Release|iPhone.Build.0 = Release|Any CPU
		{60011E8B-5C94-47B7-9AA5-1EC3ECE832E7}.Release|iPhoneSimulator.ActiveCfg = Release|Any CPU
		{60011E8B-5C94-47B7-9AA5-1EC3ECE832E7}.Release|iPhoneSimulator.Build.0 = Release|Any CPU
		{B880ABBF-CA75-4123-9F2C-B73BFD5A8A95}.Ad-Hoc|Any CPU.ActiveCfg = Release|Any CPU
		{B880ABBF-CA75-4123-9F2C-B73BFD5A8A95}.Ad-Hoc|Any CPU.Build.0 = Release|Any CPU
		{B880ABBF-CA75-4123-9F2C-B73BFD5A8A95}.Ad-Hoc|iPhone.ActiveCfg = Release|Any CPU
		{B880ABBF-CA75-4123-9F2C-B73BFD5A8A95}.Ad-Hoc|iPhone.Build.0 = Release|Any CPU
		{B880ABBF-CA75-4123-9F2C-B73BFD5A8A95}.Ad-Hoc|iPhoneSimulator.ActiveCfg = Release|Any CPU
		{B880ABBF-CA75-4123-9F2C-B73BFD5A8A95}.Ad-Hoc|iPhoneSimulator.Build.0 = Release|Any CPU
		{B880ABBF-CA75-4123-9F2C-B73BFD5A8A95}.AppStore|Any CPU.ActiveCfg = Release|Any CPU
		{B880ABBF-CA75-4123-9F2C-B73BFD5A8A95}.AppStore|Any CPU.Build.0 = Release|Any CPU
		{B880ABBF-CA75-4123-9F2C-B73BFD5A8A95}.AppStore|iPhone.ActiveCfg = Release|Any CPU
		{B880ABBF-CA75-4123-9F2C-B73BFD5A8A95}.AppStore|iPhone.Build.0 = Release|Any CPU
		{B880ABBF-CA75-4123-9F2C-B73BFD5A8A95}.AppStore|iPhoneSimulator.ActiveCfg = Release|Any CPU
		{B880ABBF-CA75-4123-9F2C-B73BFD5A8A95}.AppStore|iPhoneSimulator.Build.0 = Release|Any CPU
		{B880ABBF-CA75-4123-9F2C-B73BFD5A8A95}.Debug|Any CPU.ActiveCfg = Debug|Any CPU
		{B880ABBF-CA75-4123-9F2C-B73BFD5A8A95}.Debug|Any CPU.Build.0 = Debug|Any CPU
		{B880ABBF-CA75-4123-9F2C-B73BFD5A8A95}.Debug|iPhone.ActiveCfg = Debug|Any CPU
		{B880ABBF-CA75-4123-9F2C-B73BFD5A8A95}.Debug|iPhone.Build.0 = Debug|Any CPU
		{B880ABBF-CA75-4123-9F2C-B73BFD5A8A95}.Debug|iPhoneSimulator.ActiveCfg = Debug|Any CPU
		{B880ABBF-CA75-4123-9F2C-B73BFD5A8A95}.Debug|iPhoneSimulator.Build.0 = Debug|Any CPU
		{B880ABBF-CA75-4123-9F2C-B73BFD5A8A95}.Release|Any CPU.ActiveCfg = Release|Any CPU
		{B880ABBF-CA75-4123-9F2C-B73BFD5A8A95}.Release|Any CPU.Build.0 = Release|Any CPU
		{B880ABBF-CA75-4123-9F2C-B73BFD5A8A95}.Release|iPhone.ActiveCfg = Release|Any CPU
		{B880ABBF-CA75-4123-9F2C-B73BFD5A8A95}.Release|iPhone.Build.0 = Release|Any CPU
		{B880ABBF-CA75-4123-9F2C-B73BFD5A8A95}.Release|iPhoneSimulator.ActiveCfg = Release|Any CPU
		{B880ABBF-CA75-4123-9F2C-B73BFD5A8A95}.Release|iPhoneSimulator.Build.0 = Release|Any CPU
		{9B1CA8B9-BFE1-4FDE-84AA-1866BF7DC8DD}.Ad-Hoc|Any CPU.ActiveCfg = Release|Any CPU
		{9B1CA8B9-BFE1-4FDE-84AA-1866BF7DC8DD}.Ad-Hoc|Any CPU.Build.0 = Release|Any CPU
		{9B1CA8B9-BFE1-4FDE-84AA-1866BF7DC8DD}.Ad-Hoc|iPhone.ActiveCfg = Release|Any CPU
		{9B1CA8B9-BFE1-4FDE-84AA-1866BF7DC8DD}.Ad-Hoc|iPhone.Build.0 = Release|Any CPU
		{9B1CA8B9-BFE1-4FDE-84AA-1866BF7DC8DD}.Ad-Hoc|iPhoneSimulator.ActiveCfg = Release|Any CPU
		{9B1CA8B9-BFE1-4FDE-84AA-1866BF7DC8DD}.Ad-Hoc|iPhoneSimulator.Build.0 = Release|Any CPU
		{9B1CA8B9-BFE1-4FDE-84AA-1866BF7DC8DD}.AppStore|Any CPU.ActiveCfg = Release|Any CPU
		{9B1CA8B9-BFE1-4FDE-84AA-1866BF7DC8DD}.AppStore|Any CPU.Build.0 = Release|Any CPU
		{9B1CA8B9-BFE1-4FDE-84AA-1866BF7DC8DD}.AppStore|iPhone.ActiveCfg = Release|Any CPU
		{9B1CA8B9-BFE1-4FDE-84AA-1866BF7DC8DD}.AppStore|iPhone.Build.0 = Release|Any CPU
		{9B1CA8B9-BFE1-4FDE-84AA-1866BF7DC8DD}.AppStore|iPhoneSimulator.ActiveCfg = Release|Any CPU
		{9B1CA8B9-BFE1-4FDE-84AA-1866BF7DC8DD}.AppStore|iPhoneSimulator.Build.0 = Release|Any CPU
		{9B1CA8B9-BFE1-4FDE-84AA-1866BF7DC8DD}.Debug|Any CPU.ActiveCfg = Debug|Any CPU
		{9B1CA8B9-BFE1-4FDE-84AA-1866BF7DC8DD}.Debug|Any CPU.Build.0 = Debug|Any CPU
		{9B1CA8B9-BFE1-4FDE-84AA-1866BF7DC8DD}.Debug|iPhone.ActiveCfg = Debug|Any CPU
		{9B1CA8B9-BFE1-4FDE-84AA-1866BF7DC8DD}.Debug|iPhone.Build.0 = Debug|Any CPU
		{9B1CA8B9-BFE1-4FDE-84AA-1866BF7DC8DD}.Debug|iPhoneSimulator.ActiveCfg = Debug|Any CPU
		{9B1CA8B9-BFE1-4FDE-84AA-1866BF7DC8DD}.Debug|iPhoneSimulator.Build.0 = Debug|Any CPU
		{9B1CA8B9-BFE1-4FDE-84AA-1866BF7DC8DD}.Release|Any CPU.ActiveCfg = Release|Any CPU
		{9B1CA8B9-BFE1-4FDE-84AA-1866BF7DC8DD}.Release|Any CPU.Build.0 = Release|Any CPU
		{9B1CA8B9-BFE1-4FDE-84AA-1866BF7DC8DD}.Release|iPhone.ActiveCfg = Release|Any CPU
		{9B1CA8B9-BFE1-4FDE-84AA-1866BF7DC8DD}.Release|iPhone.Build.0 = Release|Any CPU
		{9B1CA8B9-BFE1-4FDE-84AA-1866BF7DC8DD}.Release|iPhoneSimulator.ActiveCfg = Release|Any CPU
		{9B1CA8B9-BFE1-4FDE-84AA-1866BF7DC8DD}.Release|iPhoneSimulator.Build.0 = Release|Any CPU
		{7BBCCA38-073D-4F95-82EA-B82CF4B636E8}.Ad-Hoc|Any CPU.ActiveCfg = Release|Any CPU
		{7BBCCA38-073D-4F95-82EA-B82CF4B636E8}.Ad-Hoc|Any CPU.Build.0 = Release|Any CPU
		{7BBCCA38-073D-4F95-82EA-B82CF4B636E8}.Ad-Hoc|iPhone.ActiveCfg = Release|Any CPU
		{7BBCCA38-073D-4F95-82EA-B82CF4B636E8}.Ad-Hoc|iPhone.Build.0 = Release|Any CPU
		{7BBCCA38-073D-4F95-82EA-B82CF4B636E8}.Ad-Hoc|iPhoneSimulator.ActiveCfg = Release|Any CPU
		{7BBCCA38-073D-4F95-82EA-B82CF4B636E8}.Ad-Hoc|iPhoneSimulator.Build.0 = Release|Any CPU
		{7BBCCA38-073D-4F95-82EA-B82CF4B636E8}.AppStore|Any CPU.ActiveCfg = Release|Any CPU
		{7BBCCA38-073D-4F95-82EA-B82CF4B636E8}.AppStore|Any CPU.Build.0 = Release|Any CPU
		{7BBCCA38-073D-4F95-82EA-B82CF4B636E8}.AppStore|iPhone.ActiveCfg = Release|Any CPU
		{7BBCCA38-073D-4F95-82EA-B82CF4B636E8}.AppStore|iPhone.Build.0 = Release|Any CPU
		{7BBCCA38-073D-4F95-82EA-B82CF4B636E8}.AppStore|iPhoneSimulator.ActiveCfg = Release|Any CPU
		{7BBCCA38-073D-4F95-82EA-B82CF4B636E8}.AppStore|iPhoneSimulator.Build.0 = Release|Any CPU
		{7BBCCA38-073D-4F95-82EA-B82CF4B636E8}.Debug|Any CPU.ActiveCfg = Debug|Any CPU
		{7BBCCA38-073D-4F95-82EA-B82CF4B636E8}.Debug|Any CPU.Build.0 = Debug|Any CPU
		{7BBCCA38-073D-4F95-82EA-B82CF4B636E8}.Debug|iPhone.ActiveCfg = Debug|Any CPU
		{7BBCCA38-073D-4F95-82EA-B82CF4B636E8}.Debug|iPhone.Build.0 = Debug|Any CPU
		{7BBCCA38-073D-4F95-82EA-B82CF4B636E8}.Debug|iPhoneSimulator.ActiveCfg = Debug|Any CPU
		{7BBCCA38-073D-4F95-82EA-B82CF4B636E8}.Debug|iPhoneSimulator.Build.0 = Debug|Any CPU
		{7BBCCA38-073D-4F95-82EA-B82CF4B636E8}.Release|Any CPU.ActiveCfg = Release|Any CPU
		{7BBCCA38-073D-4F95-82EA-B82CF4B636E8}.Release|Any CPU.Build.0 = Release|Any CPU
		{7BBCCA38-073D-4F95-82EA-B82CF4B636E8}.Release|iPhone.ActiveCfg = Release|Any CPU
		{7BBCCA38-073D-4F95-82EA-B82CF4B636E8}.Release|iPhone.Build.0 = Release|Any CPU
		{7BBCCA38-073D-4F95-82EA-B82CF4B636E8}.Release|iPhoneSimulator.ActiveCfg = Release|Any CPU
		{7BBCCA38-073D-4F95-82EA-B82CF4B636E8}.Release|iPhoneSimulator.Build.0 = Release|Any CPU
	EndGlobalSection
	GlobalSection(SolutionProperties) = preSolution
		HideSolutionNode = FALSE
	EndGlobalSection
	GlobalSection(NestedProjects) = preSolution
		{688A4247-CB94-4FED-8EA2-441D6BED2339} = {C5C8D100-FD94-46D9-BA14-8CAB00EEB224}
		{02C87802-A312-4220-9F01-79A306479B06} = {260E9604-37B6-457C-BD93-D5A034DDEB60}
		{B4F3A6B7-84A5-474C-AEEA-93045DBBCC97} = {C5C8D100-FD94-46D9-BA14-8CAB00EEB224}
		{60011E8B-5C94-47B7-9AA5-1EC3ECE832E7} = {260E9604-37B6-457C-BD93-D5A034DDEB60}
		{B880ABBF-CA75-4123-9F2C-B73BFD5A8A95} = {260E9604-37B6-457C-BD93-D5A034DDEB60}
		{9B1CA8B9-BFE1-4FDE-84AA-1866BF7DC8DD} = {260E9604-37B6-457C-BD93-D5A034DDEB60}
		{7BBCCA38-073D-4F95-82EA-B82CF4B636E8} = {260E9604-37B6-457C-BD93-D5A034DDEB60}
	EndGlobalSection
	GlobalSection(ExtensibilityGlobals) = postSolution
		SolutionGuid = {EA7768BC-FF04-4E5F-9AD5-E48555F205CA}
	EndGlobalSection
EndGlobal
